{
  "name": "@tanzhenxing/zxui",
  "version": "1.0.62",
  "lockfileVersion": 3,
  "requires": true,
  "packages": {
    "": {
      "name": "@tanzhenxing/zxui",
      "version": "1.0.62",
      "license": "MIT",
      "dependencies": {
        "default-passive-events": "^2.0.0"
      }
    },
    "node_modules/default-passive-events": {
      "version": "2.0.0",
      "resolved": "https://registry.npmjs.org/default-passive-events/-/default-passive-events-2.0.0.tgz",
      "integrity": "sha512-eMtt76GpDVngZQ3ocgvRcNCklUMwID1PaNbCNxfpDXuiOXttSh0HzBbda1HU9SIUsDc02vb7g9+3I5tlqe/qMQ=="
    }
  }
}
